<?xml version="1.0" encoding="utf-8"?>
<Project ToolsVersion="4.0" xmlns="http://schemas.microsoft.com/developer/msbuild/2003">
  <ItemGroup>
    <Filter Include="Source Files">
      <UniqueIdentifier>{4FC737F1-C7A5-4376-A066-2A32D752A2FF}</UniqueIdentifier>
      <Extensions>cpp;c;cc;cxx;def;odl;idl;hpj;bat;asm;asmx</Extensions>
    </Filter>
    <Filter Include="Header Files">
      <UniqueIdentifier>{93995380-89BD-4b04-88EB-625FBE52EBFB}</UniqueIdentifier>
      <Extensions>h;hh;hpp;hxx;hm;inl;inc;ipp;xsd</Extensions>
    </Filter>
    <Filter Include="Resource Files">
      <UniqueIdentifier>{67DA6AB6-F800-4c08-8B7A-83BB121AAD01}</UniqueIdentifier>
      <Extensions>rc;ico;cur;bmp;dlg;rc2;rct;bin;rgs;gif;jpg;jpeg;jpe;resx;tiff;tif;png;wav;mfcribbon-ms</Extensions>
    </Filter>
    <Filter Include="Header Files\Components">
      <UniqueIdentifier>{043b3e69-16dc-41a9-9718-e2d6d3f3e884}</UniqueIdentifier>
    </Filter>
    <Filter Include="Source Files\Components">
      <UniqueIdentifier>{840d3466-c181-46f8-9af4-953797771b9a}</UniqueIdentifier>
    </Filter>
    <Filter Include="Resource Files\tilemaps">
      <UniqueIdentifier>{6d91129f-1116-46e6-b02f-79a4fbdf3e08}</UniqueIdentifier>
    </Filter>
    <Filter Include="Resource Files\Sounds">
      <UniqueIdentifier>{6ea5eeb6-97c3-4f7e-9fdd-b880c876d33c}</UniqueIdentifier>
    </Filter>
    <Filter Include="Resource Files\images">
      <UniqueIdentifier>{8d89ff7c-6c7f-481c-a984-493533e5c9da}</UniqueIdentifier>
    </Filter>
    <Filter Include="Resource Files\fonts">
      <UniqueIdentifier>{5ee582cc-b180-4aac-8b10-40a75a668015}</UniqueIdentifier>
    </Filter>
    <Filter Include="Resource Files\scripts">
      <UniqueIdentifier>{2d738d7b-0f22-47ee-82d4-60eca46b7aeb}</UniqueIdentifier>
    </Filter>
    <Filter Include="Source Files\Entities">
      <UniqueIdentifier>{55a339b2-2c3a-410f-bf49-cbc4dffd46f5}</UniqueIdentifier>
    </Filter>
    <Filter Include="Header Files\Entities">
      <UniqueIdentifier>{e5ef9a9e-4d15-4063-938d-7d1bd54134bd}</UniqueIdentifier>
    </Filter>
  </ItemGroup>
  <ItemGroup>
    <ClCompile Include="main.cpp">
      <Filter>Source Files</Filter>
    </ClCompile>
    <ClCompile Include="Entity.cpp">
      <Filter>Source Files</Filter>
    </ClCompile>
    <ClCompile Include="EntityManager.cpp">
      <Filter>Source Files</Filter>
    </ClCompile>
    <ClCompile Include="Component.cpp">
      <Filter>Source Files</Filter>
    </ClCompile>
    <ClCompile Include="PCH.cpp">
      <Filter>Source Files</Filter>
    </ClCompile>
    <ClCompile Include="Game.cpp">
      <Filter>Source Files</Filter>
    </ClCompile>
    <ClCompile Include="Components\TransformComponent.cpp">
      <Filter>Source Files\Components</Filter>
    </ClCompile>
    <ClCompile Include="TextureManager.cpp">
      <Filter>Source Files</Filter>
    </ClCompile>
    <ClCompile Include="AssetManager.cpp">
      <Filter>Source Files</Filter>
    </ClCompile>
    <ClCompile Include="Components\SpriteComponent.cpp">
      <Filter>Source Files\Components</Filter>
    </ClCompile>
    <ClCompile Include="Animation.cpp">
      <Filter>Source Files</Filter>
    </ClCompile>
    <ClCompile Include="Components\KeyboardControlComponent.cpp">
      <Filter>Source Files\Components</Filter>
    </ClCompile>
    <ClCompile Include="Map.cpp">
      <Filter>Source Files</Filter>
    </ClCompile>
    <ClCompile Include="Components\TileComponent.cpp">
      <Filter>Source Files\Components</Filter>
    </ClCompile>
    <ClCompile Include="Collision.cpp">
      <Filter>Source Files</Filter>
    </ClCompile>
    <ClCompile Include="Components\ColliderComponent.cpp">
      <Filter>Source Files\Components</Filter>
    </ClCompile>
    <ClCompile Include="FontManager.cpp">
      <Filter>Source Files</Filter>
    </ClCompile>
    <ClCompile Include="Components\TextLabelComponent.cpp">
      <Filter>Source Files\Components</Filter>
    </ClCompile>
    <ClCompile Include="Components\ProjectileEmitterComponent.cpp">
      <Filter>Source Files\Components</Filter>
    </ClCompile>
    <ClCompile Include="TweenFuncs.cpp">
      <Filter>Source Files</Filter>
    </ClCompile>
    <ClCompile Include="Components\TweeningComponent.cpp">
      <Filter>Source Files\Components</Filter>
    </ClCompile>
    <ClCompile Include="TweenObj.cpp">
      <Filter>Source Files</Filter>
    </ClCompile>
  </ItemGroup>
  <ItemGroup>
    <ClInclude Include="Entity.h">
      <Filter>Header Files</Filter>
    </ClInclude>
    <ClInclude Include="EntityManager.h">
      <Filter>Header Files</Filter>
    </ClInclude>
    <ClInclude Include="Component.h">
      <Filter>Header Files</Filter>
    </ClInclude>
    <ClInclude Include="Components\TransformComponent.h">
      <Filter>Header Files\Components</Filter>
    </ClInclude>
    <ClInclude Include="PCH.h">
      <Filter>Header Files</Filter>
    </ClInclude>
    <ClInclude Include="Constants.h">
      <Filter>Header Files</Filter>
    </ClInclude>
    <ClInclude Include="Game.h">
      <Filter>Header Files</Filter>
    </ClInclude>
    <ClInclude Include="TextureManager.h">
      <Filter>Header Files</Filter>
    </ClInclude>
    <ClInclude Include="AssetManager.h">
      <Filter>Header Files</Filter>
    </ClInclude>
    <ClInclude Include="Components\SpriteComponent.h">
      <Filter>Header Files\Components</Filter>
    </ClInclude>
    <ClInclude Include="Animation.h">
      <Filter>Header Files</Filter>
    </ClInclude>
    <ClInclude Include="Components\KeyboardControlComponent.h">
      <Filter>Header Files\Components</Filter>
    </ClInclude>
    <ClInclude Include="Map.h">
      <Filter>Header Files</Filter>
    </ClInclude>
    <ClInclude Include="Components\TileComponent.h">
      <Filter>Header Files\Components</Filter>
    </ClInclude>
    <ClInclude Include="myHelperFuncs.h">
      <Filter>Header Files</Filter>
    </ClInclude>
    <ClInclude Include="Collision.h">
      <Filter>Header Files</Filter>
    </ClInclude>
    <ClInclude Include="Components\ColliderComponent.h">
      <Filter>Header Files\Components</Filter>
    </ClInclude>
    <ClInclude Include="FontManager.h">
      <Filter>Header Files</Filter>
    </ClInclude>
    <ClInclude Include="Components\TextLabelComponent.h">
      <Filter>Header Files\Components</Filter>
    </ClInclude>
    <ClInclude Include="Components\ProjectileEmitterComponent.h">
      <Filter>Header Files\Components</Filter>
    </ClInclude>
    <ClInclude Include="TweenFuncs.h">
      <Filter>Header Files</Filter>
    </ClInclude>
    <ClInclude Include="Components\TweeningComponent.h">
      <Filter>Header Files\Components</Filter>
    </ClInclude>
    <ClInclude Include="TweenObj.h">
      <Filter>Header Files</Filter>
    </ClInclude>
  </ItemGroup>
  <ItemGroup>
    <None Include="assets\tilemaps\jungle.map">
      <Filter>Resource Files\tilemaps</Filter>
    </None>
    <None Include="assets\images\.DS_Store">
      <Filter>Resource Files\images</Filter>
    </None>
    <None Include="assets\scripts\Level1.lua">
      <Filter>Resource Files\scripts</Filter>
    </None>
  </ItemGroup>
  <ItemGroup>
    <Image Include="assets\tilemaps\jungle.png">
      <Filter>Resource Files\tilemaps</Filter>
    </Image>
    <Image Include="assets\images\army-group-1.png">
      <Filter>Resource Files\images</Filter>
    </Image>
    <Image Include="assets\images\army-group-2.png">
      <Filter>Resource Files\images</Filter>
    </Image>
    <Image Include="assets\images\army-group-3.png">
      <Filter>Resource Files\images</Filter>
    </Image>
    <Image Include="assets\images\bandit-spritesheet.png">
      <Filter>Resource Files\images</Filter>
    </Image>
    <Image Include="assets\images\bullet-enemy.png">
      <Filter>Resource Files\images</Filter>
    </Image>
    <Image Include="assets\images\bullet-friendly.png">
      <Filter>Resource Files\images</Filter>
    </Image>
    <Image Include="assets\images\chopper-sinngle.png">
      <Filter>Resource Files\images</Filter>
    </Image>
    <Image Include="assets\images\chopper-spritesheet.png">
      <Filter>Resource Files\images</Filter>
    </Image>
    <Image Include="assets\images\collision-texture.png">
      <Filter>Resource Files\images</Filter>
    </Image>
    <Image Include="assets\images\heliport.png">
      <Filter>Resource Files\images</Filter>
    </Image>
    <Image Include="assets\images\HelpScreenLevel1Jungle.png">
      <Filter>Resource Files\images</Filter>
    </Image>
    <Image Include="assets\images\HelpScreenLevel2Desert.png">
      <Filter>Resource Files\images</Filter>
    </Image>
    <Image Include="assets\images\obstacles.png">
      <Filter>Resource Files\images</Filter>
    </Image>
    <Image Include="assets\images\radar.png">
      <Filter>Resource Files\images</Filter>
    </Image>
    <Image Include="assets\images\rock-big-1.png">
      <Filter>Resource Files\images</Filter>
    </Image>
    <Image Include="assets\images\rock-big-2.png">
      <Filter>Resource Files\images</Filter>
    </Image>
    <Image Include="assets\images\rock-big-3.png">
      <Filter>Resource Files\images</Filter>
    </Image>
    <Image Include="assets\images\rock-big-4.png">
      <Filter>Resource Files\images</Filter>
    </Image>
    <Image Include="assets\images\rock-small-1.png">
      <Filter>Resource Files\images</Filter>
    </Image>
    <Image Include="assets\images\SecondLevelHelpScreen.png">
      <Filter>Resource Files\images</Filter>
    </Image>
    <Image Include="assets\images\start.png">
      <Filter>Resource Files\images</Filter>
    </Image>
    <Image Include="assets\images\tank-big-down.png">
      <Filter>Resource Files\images</Filter>
    </Image>
    <Image Include="assets\images\tank-big-left.png">
      <Filter>Resource Files\images</Filter>
    </Image>
    <Image Include="assets\images\tank-big-right.png">
      <Filter>Resource Files\images</Filter>
    </Image>
    <Image Include="assets\images\tank-small-left.png">
      <Filter>Resource Files\images</Filter>
    </Image>
    <Image Include="assets\images\tank-small-right.png">
      <Filter>Resource Files\images</Filter>
    </Image>
    <Image Include="assets\images\tree-small-1.png">
      <Filter>Resource Files\images</Filter>
    </Image>
    <Image Include="assets\images\tree-small-2.png">
      <Filter>Resource Files\images</Filter>
    </Image>
    <Image Include="assets\images\tree-small-3.png">
      <Filter>Resource Files\images</Filter>
    </Image>
    <Image Include="assets\images\tree-small-4.png">
      <Filter>Resource Files\images</Filter>
    </Image>
    <Image Include="assets\images\tree-small-5.png">
      <Filter>Resource Files\images</Filter>
    </Image>
    <Image Include="assets\images\tree-small-6.png">
      <Filter>Resource Files\images</Filter>
    </Image>
    <Image Include="assets\images\tree-small-7.png">
      <Filter>Resource Files\images</Filter>
    </Image>
    <Image Include="assets\images\tree-small-8.png">
      <Filter>Resource Files\images</Filter>
    </Image>
    <Image Include="assets\images\truck-down.png">
      <Filter>Resource Files\images</Filter>
    </Image>
    <Image Include="assets\images\truck-left.png">
      <Filter>Resource Files\images</Filter>
    </Image>
    <Image Include="assets\images\truck-right.png">
      <Filter>Resource Files\images</Filter>
    </Image>
  </ItemGroup>
  <ItemGroup>
    <Media Include="assets\sounds\helicopter.wav">
      <Filter>Resource Files\Sounds</Filter>
    </Media>
  </ItemGroup>
  <ItemGroup>
    <Font Include="assets\fonts\arial.ttf">
      <Filter>Resource Files\fonts</Filter>
    </Font>
    <Font Include="assets\fonts\charriot.ttf">
      <Filter>Resource Files\fonts</Filter>
    </Font>
  </ItemGroup>
</Project>